// !$*UTF8*$!
{
	archiveVersion = 1;
	classes = {
	};
	objectVersion = 56;
	objects = {

/* Begin PBXBuildFile section */
		074814EB2A349E4800DF6A85 /* PhotoSelectView.swift in Sources */ = {isa = PBXBuildFile; fileRef = 074814EA2A349E4800DF6A85 /* PhotoSelectView.swift */; };
		074814ED2A349EA900DF6A85 /* EditStoryViewController.swift in Sources */ = {isa = PBXBuildFile; fileRef = 074814EC2A349EA900DF6A85 /* EditStoryViewController.swift */; };
		074814EF2A349ED500DF6A85 /* PhotoSelectViewController.swift in Sources */ = {isa = PBXBuildFile; fileRef = 074814EE2A349ED500DF6A85 /* PhotoSelectViewController.swift */; };
		074814F12A34ABA200DF6A85 /* ImagePicker.swift in Sources */ = {isa = PBXBuildFile; fileRef = 074814F02A34ABA200DF6A85 /* ImagePicker.swift */; };
		074814F62A34F79500DF6A85 /* ReadingStoryView.swift in Sources */ = {isa = PBXBuildFile; fileRef = 074814F52A34F79500DF6A85 /* ReadingStoryView.swift */; };
		074814F82A34FE5300DF6A85 /* ReadingStoryViewController.swift in Sources */ = {isa = PBXBuildFile; fileRef = 074814F72A34FE5300DF6A85 /* ReadingStoryViewController.swift */; };
		074814FA2A35090F00DF6A85 /* FairyMakingSource.swift in Sources */ = {isa = PBXBuildFile; fileRef = 074814F92A35090F00DF6A85 /* FairyMakingSource.swift */; };
		07A3470A2A345F7800DF7BA6 /* Color+.swift in Sources */ = {isa = PBXBuildFile; fileRef = 07A347092A345F7800DF7BA6 /* Color+.swift */; };
		07A3470C2A3460C500DF7BA6 /* Font+.swift in Sources */ = {isa = PBXBuildFile; fileRef = 07A3470B2A3460C500DF7BA6 /* Font+.swift */; };
		07A3471D2A3473E700DF7BA6 /* EditStoryView.swift in Sources */ = {isa = PBXBuildFile; fileRef = 07A3471C2A3473E700DF7BA6 /* EditStoryView.swift */; };
		07A3471F2A34742700DF7BA6 /* View+.swift in Sources */ = {isa = PBXBuildFile; fileRef = 07A3471E2A34742700DF7BA6 /* View+.swift */; };
		57134F7C2A347DFD00ED4C2D /* RegenerateAlertViewController.swift in Sources */ = {isa = PBXBuildFile; fileRef = 57134F7B2A347DFD00ED4C2D /* RegenerateAlertViewController.swift */; };
		57134F7E2A3497A500ED4C2D /* UIColor+.swift in Sources */ = {isa = PBXBuildFile; fileRef = 57134F7D2A3497A500ED4C2D /* UIColor+.swift */; };
		57134F812A34CEC200ED4C2D /* Lottie in Frameworks */ = {isa = PBXBuildFile; productRef = 57134F802A34CEC200ED4C2D /* Lottie */; };
		57134F842A34D15000ED4C2D /* IndicatorViewController.swift in Sources */ = {isa = PBXBuildFile; fileRef = 57134F832A34D15000ED4C2D /* IndicatorViewController.swift */; };
		57134F872A34D24A00ED4C2D /* book.json in Resources */ = {isa = PBXBuildFile; fileRef = 57134F862A34D24A00ED4C2D /* book.json */; };
		57134F8A2A34FB1700ED4C2D /* QnAList.swift in Sources */ = {isa = PBXBuildFile; fileRef = 57134F892A34FB1700ED4C2D /* QnAList.swift */; };
		EEB07AA32A34394D003C6AAA /* AppDelegate.swift in Sources */ = {isa = PBXBuildFile; fileRef = EEB07AA22A34394D003C6AAA /* AppDelegate.swift */; };
		EEB07AA52A34394D003C6AAA /* SceneDelegate.swift in Sources */ = {isa = PBXBuildFile; fileRef = EEB07AA42A34394D003C6AAA /* SceneDelegate.swift */; };
		EEB07AAC2A343950003C6AAA /* Assets.xcassets in Resources */ = {isa = PBXBuildFile; fileRef = EEB07AAB2A343950003C6AAA /* Assets.xcassets */; };
		EEB07AAF2A343950003C6AAA /* LaunchScreen.storyboard in Resources */ = {isa = PBXBuildFile; fileRef = EEB07AAD2A343950003C6AAA /* LaunchScreen.storyboard */; };
		EEB07AB82A343AFE003C6AAA /* SnapKit in Frameworks */ = {isa = PBXBuildFile; productRef = EEB07AB72A343AFE003C6AAA /* SnapKit */; };
		EEB07ABC2A3440D2003C6AAA /* NetworkService.swift in Sources */ = {isa = PBXBuildFile; fileRef = EEB07ABB2A3440D2003C6AAA /* NetworkService.swift */; };
		EEB07AC02A34432D003C6AAA /* Resource.swift in Sources */ = {isa = PBXBuildFile; fileRef = EEB07ABF2A34432D003C6AAA /* Resource.swift */; };
		EEB07AC22A344379003C6AAA /* HttpMethod.swift in Sources */ = {isa = PBXBuildFile; fileRef = EEB07AC12A344379003C6AAA /* HttpMethod.swift */; };
		EEB07AC42A344528003C6AAA /* NetworkError.swift in Sources */ = {isa = PBXBuildFile; fileRef = EEB07AC32A344528003C6AAA /* NetworkError.swift */; };
		EEB07AC72A345234003C6AAA /* FairytaleListViewController.swift in Sources */ = {isa = PBXBuildFile; fileRef = EEB07AC62A345234003C6AAA /* FairytaleListViewController.swift */; };
		EEB07ACB2A345627003C6AAA /* FairyListCollectionViewCell.swift in Sources */ = {isa = PBXBuildFile; fileRef = EEB07ACA2A345627003C6AAA /* FairyListCollectionViewCell.swift */; };
		EEB07ACE2A345F2C003C6AAA /* FairyListResponse.swift in Sources */ = {isa = PBXBuildFile; fileRef = EEB07ACD2A345F2C003C6AAA /* FairyListResponse.swift */; };
		EEB07AD22A347588003C6AAA /* Kingfisher in Frameworks */ = {isa = PBXBuildFile; productRef = EEB07AD12A347588003C6AAA /* Kingfisher */; };
		EEB07AD62A347C86003C6AAA /* Constant.swift in Sources */ = {isa = PBXBuildFile; fileRef = EEB07AD52A347C86003C6AAA /* Constant.swift */; };
		EEB07ADA2A348637003C6AAA /* SplashViewController.swift in Sources */ = {isa = PBXBuildFile; fileRef = EEB07AD92A348637003C6AAA /* SplashViewController.swift */; };
		EEB07ADE2A34B275003C6AAA /* CreateFairyTaleViewController.swift in Sources */ = {isa = PBXBuildFile; fileRef = EEB07ADD2A34B275003C6AAA /* CreateFairyTaleViewController.swift */; };
		EECAE97E2A34DB9600FC0AEB /* BasePhotoCategoryCell.swift in Sources */ = {isa = PBXBuildFile; fileRef = EECAE97C2A34DB9600FC0AEB /* BasePhotoCategoryCell.swift */; };
		EECAE97F2A34DB9600FC0AEB /* BasePhotoSelectViewController.swift in Sources */ = {isa = PBXBuildFile; fileRef = EECAE97D2A34DB9600FC0AEB /* BasePhotoSelectViewController.swift */; };
		EECAE9812A34DCFF00FC0AEB /* Utils.swift in Sources */ = {isa = PBXBuildFile; fileRef = EECAE9802A34DCFF00FC0AEB /* Utils.swift */; };
		EECAE9842A34DF1100FC0AEB /* TokenResponse.swift in Sources */ = {isa = PBXBuildFile; fileRef = EECAE9832A34DF1100FC0AEB /* TokenResponse.swift */; };
		EECAE9872A34E73800FC0AEB /* SwiftKeychainWrapper in Frameworks */ = {isa = PBXBuildFile; productRef = EECAE9862A34E73800FC0AEB /* SwiftKeychainWrapper */; };
/* End PBXBuildFile section */

/* Begin PBXFileReference section */
		074814EA2A349E4800DF6A85 /* PhotoSelectView.swift */ = {isa = PBXFileReference; lastKnownFileType = sourcecode.swift; path = PhotoSelectView.swift; sourceTree = "<group>"; };
		074814EC2A349EA900DF6A85 /* EditStoryViewController.swift */ = {isa = PBXFileReference; lastKnownFileType = sourcecode.swift; path = EditStoryViewController.swift; sourceTree = "<group>"; };
		074814EE2A349ED500DF6A85 /* PhotoSelectViewController.swift */ = {isa = PBXFileReference; lastKnownFileType = sourcecode.swift; path = PhotoSelectViewController.swift; sourceTree = "<group>"; };
		074814F02A34ABA200DF6A85 /* ImagePicker.swift */ = {isa = PBXFileReference; lastKnownFileType = sourcecode.swift; path = ImagePicker.swift; sourceTree = "<group>"; };
		074814F52A34F79500DF6A85 /* ReadingStoryView.swift */ = {isa = PBXFileReference; lastKnownFileType = sourcecode.swift; path = ReadingStoryView.swift; sourceTree = "<group>"; };
		074814F72A34FE5300DF6A85 /* ReadingStoryViewController.swift */ = {isa = PBXFileReference; lastKnownFileType = sourcecode.swift; path = ReadingStoryViewController.swift; sourceTree = "<group>"; };
		074814F92A35090F00DF6A85 /* FairyMakingSource.swift */ = {isa = PBXFileReference; lastKnownFileType = sourcecode.swift; path = FairyMakingSource.swift; sourceTree = "<group>"; };
		07A347092A345F7800DF7BA6 /* Color+.swift */ = {isa = PBXFileReference; lastKnownFileType = sourcecode.swift; path = "Color+.swift"; sourceTree = "<group>"; };
		07A3470B2A3460C500DF7BA6 /* Font+.swift */ = {isa = PBXFileReference; lastKnownFileType = sourcecode.swift; path = "Font+.swift"; sourceTree = "<group>"; };
		07A3471C2A3473E700DF7BA6 /* EditStoryView.swift */ = {isa = PBXFileReference; fileEncoding = 4; lastKnownFileType = sourcecode.swift; path = EditStoryView.swift; sourceTree = "<group>"; };
		07A3471E2A34742700DF7BA6 /* View+.swift */ = {isa = PBXFileReference; fileEncoding = 4; lastKnownFileType = sourcecode.swift; path = "View+.swift"; sourceTree = "<group>"; };
		57134F7B2A347DFD00ED4C2D /* RegenerateAlertViewController.swift */ = {isa = PBXFileReference; lastKnownFileType = sourcecode.swift; path = RegenerateAlertViewController.swift; sourceTree = "<group>"; };
		57134F7D2A3497A500ED4C2D /* UIColor+.swift */ = {isa = PBXFileReference; lastKnownFileType = sourcecode.swift; path = "UIColor+.swift"; sourceTree = "<group>"; };
		57134F832A34D15000ED4C2D /* IndicatorViewController.swift */ = {isa = PBXFileReference; lastKnownFileType = sourcecode.swift; path = IndicatorViewController.swift; sourceTree = "<group>"; };
		57134F862A34D24A00ED4C2D /* book.json */ = {isa = PBXFileReference; fileEncoding = 4; lastKnownFileType = text.json; path = book.json; sourceTree = "<group>"; };
		57134F892A34FB1700ED4C2D /* QnAList.swift */ = {isa = PBXFileReference; lastKnownFileType = sourcecode.swift; path = QnAList.swift; sourceTree = "<group>"; };
		EEB07A9F2A34394D003C6AAA /* Fairy-iOS.app */ = {isa = PBXFileReference; explicitFileType = wrapper.application; includeInIndex = 0; path = "Fairy-iOS.app"; sourceTree = BUILT_PRODUCTS_DIR; };
		EEB07AA22A34394D003C6AAA /* AppDelegate.swift */ = {isa = PBXFileReference; lastKnownFileType = sourcecode.swift; path = AppDelegate.swift; sourceTree = "<group>"; };
		EEB07AA42A34394D003C6AAA /* SceneDelegate.swift */ = {isa = PBXFileReference; lastKnownFileType = sourcecode.swift; path = SceneDelegate.swift; sourceTree = "<group>"; };
		EEB07AAB2A343950003C6AAA /* Assets.xcassets */ = {isa = PBXFileReference; lastKnownFileType = folder.assetcatalog; path = Assets.xcassets; sourceTree = "<group>"; };
		EEB07AAE2A343950003C6AAA /* Base */ = {isa = PBXFileReference; lastKnownFileType = file.storyboard; name = Base; path = Base.lproj/LaunchScreen.storyboard; sourceTree = "<group>"; };
		EEB07AB02A343950003C6AAA /* Info.plist */ = {isa = PBXFileReference; lastKnownFileType = text.plist.xml; path = Info.plist; sourceTree = "<group>"; };
		EEB07ABB2A3440D2003C6AAA /* NetworkService.swift */ = {isa = PBXFileReference; lastKnownFileType = sourcecode.swift; path = NetworkService.swift; sourceTree = "<group>"; };
		EEB07ABF2A34432D003C6AAA /* Resource.swift */ = {isa = PBXFileReference; lastKnownFileType = sourcecode.swift; path = Resource.swift; sourceTree = "<group>"; };
		EEB07AC12A344379003C6AAA /* HttpMethod.swift */ = {isa = PBXFileReference; lastKnownFileType = sourcecode.swift; path = HttpMethod.swift; sourceTree = "<group>"; };
		EEB07AC32A344528003C6AAA /* NetworkError.swift */ = {isa = PBXFileReference; lastKnownFileType = sourcecode.swift; path = NetworkError.swift; sourceTree = "<group>"; };
		EEB07AC62A345234003C6AAA /* FairytaleListViewController.swift */ = {isa = PBXFileReference; lastKnownFileType = sourcecode.swift; path = FairytaleListViewController.swift; sourceTree = "<group>"; };
		EEB07ACA2A345627003C6AAA /* FairyListCollectionViewCell.swift */ = {isa = PBXFileReference; lastKnownFileType = sourcecode.swift; path = FairyListCollectionViewCell.swift; sourceTree = "<group>"; };
		EEB07ACD2A345F2C003C6AAA /* FairyListResponse.swift */ = {isa = PBXFileReference; lastKnownFileType = sourcecode.swift; path = FairyListResponse.swift; sourceTree = "<group>"; };
		EEB07AD52A347C86003C6AAA /* Constant.swift */ = {isa = PBXFileReference; lastKnownFileType = sourcecode.swift; path = Constant.swift; sourceTree = "<group>"; };
		EEB07AD92A348637003C6AAA /* SplashViewController.swift */ = {isa = PBXFileReference; lastKnownFileType = sourcecode.swift; path = SplashViewController.swift; sourceTree = "<group>"; };
		EEB07ADD2A34B275003C6AAA /* CreateFairyTaleViewController.swift */ = {isa = PBXFileReference; lastKnownFileType = sourcecode.swift; path = CreateFairyTaleViewController.swift; sourceTree = "<group>"; };
		EECAE97C2A34DB9600FC0AEB /* BasePhotoCategoryCell.swift */ = {isa = PBXFileReference; fileEncoding = 4; lastKnownFileType = sourcecode.swift; path = BasePhotoCategoryCell.swift; sourceTree = "<group>"; };
		EECAE97D2A34DB9600FC0AEB /* BasePhotoSelectViewController.swift */ = {isa = PBXFileReference; fileEncoding = 4; lastKnownFileType = sourcecode.swift; path = BasePhotoSelectViewController.swift; sourceTree = "<group>"; };
		EECAE9802A34DCFF00FC0AEB /* Utils.swift */ = {isa = PBXFileReference; lastKnownFileType = sourcecode.swift; path = Utils.swift; sourceTree = "<group>"; };
		EECAE9832A34DF1100FC0AEB /* TokenResponse.swift */ = {isa = PBXFileReference; lastKnownFileType = sourcecode.swift; path = TokenResponse.swift; sourceTree = "<group>"; };
/* End PBXFileReference section */

/* Begin PBXFrameworksBuildPhase section */
		EEB07A9C2A34394D003C6AAA /* Frameworks */ = {
			isa = PBXFrameworksBuildPhase;
			buildActionMask = 2147483647;
			files = (
				EEB07AD22A347588003C6AAA /* Kingfisher in Frameworks */,
				EEB07AB82A343AFE003C6AAA /* SnapKit in Frameworks */,
				EECAE9872A34E73800FC0AEB /* SwiftKeychainWrapper in Frameworks */,
				57134F812A34CEC200ED4C2D /* Lottie in Frameworks */,
			);
			runOnlyForDeploymentPostprocessing = 0;
		};
/* End PBXFrameworksBuildPhase section */

/* Begin PBXGroup section */
		074814E92A349E1B00DF6A85 /* PhotoSelect */ = {
			isa = PBXGroup;
			children = (
				074814EA2A349E4800DF6A85 /* PhotoSelectView.swift */,
				074814EE2A349ED500DF6A85 /* PhotoSelectViewController.swift */,
				074814F02A34ABA200DF6A85 /* ImagePicker.swift */,
			);
			path = PhotoSelect;
			sourceTree = "<group>";
		};
		074814F42A34F77100DF6A85 /* ReadingStory */ = {
			isa = PBXGroup;
			children = (
				074814F52A34F79500DF6A85 /* ReadingStoryView.swift */,
				074814F72A34FE5300DF6A85 /* ReadingStoryViewController.swift */,
			);
			path = ReadingStory;
			sourceTree = "<group>";
		};
		07A3471B2A3472A200DF7BA6 /* EditStory */ = {
			isa = PBXGroup;
			children = (
				074814F92A35090F00DF6A85 /* FairyMakingSource.swift */,
				07A3471C2A3473E700DF7BA6 /* EditStoryView.swift */,
				074814EC2A349EA900DF6A85 /* EditStoryViewController.swift */,
			);
			path = EditStory;
			sourceTree = "<group>";
		};
		57134F7A2A3452BC00ED4C2D /* CreatingFairyTale */ = {
			isa = PBXGroup;
			children = (
				57134F882A34FADD00ED4C2D /* Model */,
				EEB07ADD2A34B275003C6AAA /* CreateFairyTaleViewController.swift */,
				57134F7B2A347DFD00ED4C2D /* RegenerateAlertViewController.swift */,
			);
			path = CreatingFairyTale;
			sourceTree = "<group>";
		};
		57134F822A34D12E00ED4C2D /* Indicator */ = {
			isa = PBXGroup;
			children = (
				57134F832A34D15000ED4C2D /* IndicatorViewController.swift */,
			);
			path = Indicator;
			sourceTree = "<group>";
		};
		57134F852A34D23900ED4C2D /* Lottie */ = {
			isa = PBXGroup;
			children = (
				57134F862A34D24A00ED4C2D /* book.json */,
			);
			path = Lottie;
			sourceTree = "<group>";
		};
		57134F882A34FADD00ED4C2D /* Model */ = {
			isa = PBXGroup;
			children = (
				57134F892A34FB1700ED4C2D /* QnAList.swift */,
			);
			path = Model;
			sourceTree = "<group>";
		};
		EEB07A962A34394D003C6AAA = {
			isa = PBXGroup;
			children = (
				EEB07AA12A34394D003C6AAA /* Fairy-iOS */,
				EEB07AA02A34394D003C6AAA /* Products */,
			);
			sourceTree = "<group>";
		};
		EEB07AA02A34394D003C6AAA /* Products */ = {
			isa = PBXGroup;
			children = (
				EEB07A9F2A34394D003C6AAA /* Fairy-iOS.app */,
			);
			name = Products;
			sourceTree = "<group>";
		};
		EEB07AA12A34394D003C6AAA /* Fairy-iOS */ = {
			isa = PBXGroup;
			children = (
				EECAE9792A34DB9600FC0AEB /* BasePhotoSelect */,
				EEB07ABD2A34431F003C6AAA /* Utils */,
				EEB07ABA2A3440B7003C6AAA /* Network */,
				EEB07AB92A34404B003C6AAA /* App */,
				07A3471B2A3472A200DF7BA6 /* EditStory */,
				074814F42A34F77100DF6A85 /* ReadingStory */,
				074814E92A349E1B00DF6A85 /* PhotoSelect */,
				57134F7A2A3452BC00ED4C2D /* CreatingFairyTale */,
				EEB07AC52A3451AD003C6AAA /* FairytaleList */,
				57134F822A34D12E00ED4C2D /* Indicator */,
				EEB07AD72A3485C7003C6AAA /* Splash */,
			);
			path = "Fairy-iOS";
			sourceTree = "<group>";
		};
		EEB07AB92A34404B003C6AAA /* App */ = {
			isa = PBXGroup;
			children = (
				EEB07AA22A34394D003C6AAA /* AppDelegate.swift */,
				EEB07AA42A34394D003C6AAA /* SceneDelegate.swift */,
				EEB07AAB2A343950003C6AAA /* Assets.xcassets */,
				EEB07AAD2A343950003C6AAA /* LaunchScreen.storyboard */,
				EEB07AB02A343950003C6AAA /* Info.plist */,
			);
			path = App;
			sourceTree = "<group>";
		};
		EEB07ABA2A3440B7003C6AAA /* Network */ = {
			isa = PBXGroup;
			children = (
				EEB07ABB2A3440D2003C6AAA /* NetworkService.swift */,
				EEB07AC32A344528003C6AAA /* NetworkError.swift */,
			);
			path = Network;
			sourceTree = "<group>";
		};
		EEB07ABD2A34431F003C6AAA /* Utils */ = {
			isa = PBXGroup;
			children = (
				EEB07AD42A347C4F003C6AAA /* Constant */,
				EEB07AD32A3475BA003C6AAA /* Extension */,
				EEB07ABE2A344324003C6AAA /* Resource */,
				EECAE9802A34DCFF00FC0AEB /* Utils.swift */,
			);
			path = Utils;
			sourceTree = "<group>";
		};
		EEB07ABE2A344324003C6AAA /* Resource */ = {
			isa = PBXGroup;
			children = (
				57134F852A34D23900ED4C2D /* Lottie */,
				EEB07ABF2A34432D003C6AAA /* Resource.swift */,
				EEB07AC12A344379003C6AAA /* HttpMethod.swift */,
			);
			path = Resource;
			sourceTree = "<group>";
		};
		EEB07AC52A3451AD003C6AAA /* FairytaleList */ = {
			isa = PBXGroup;
			children = (
				EEB07ACC2A345F07003C6AAA /* Model */,
				EEB07AC82A345278003C6AAA /* View */,
			);
			path = FairytaleList;
			sourceTree = "<group>";
		};
		EEB07AC82A345278003C6AAA /* View */ = {
			isa = PBXGroup;
			children = (
				EEB07AC92A34561A003C6AAA /* Cell */,
				EEB07AC62A345234003C6AAA /* FairytaleListViewController.swift */,
			);
			path = View;
			sourceTree = "<group>";
		};
		EEB07AC92A34561A003C6AAA /* Cell */ = {
			isa = PBXGroup;
			children = (
				EEB07ACA2A345627003C6AAA /* FairyListCollectionViewCell.swift */,
			);
			path = Cell;
			sourceTree = "<group>";
		};
		EEB07ACC2A345F07003C6AAA /* Model */ = {
			isa = PBXGroup;
			children = (
				EEB07ACD2A345F2C003C6AAA /* FairyListResponse.swift */,
			);
			path = Model;
			sourceTree = "<group>";
		};
		EEB07AD32A3475BA003C6AAA /* Extension */ = {
			isa = PBXGroup;
			children = (
				07A347092A345F7800DF7BA6 /* Color+.swift */,
				07A3470B2A3460C500DF7BA6 /* Font+.swift */,
				07A3471E2A34742700DF7BA6 /* View+.swift */,
				57134F7D2A3497A500ED4C2D /* UIColor+.swift */,
			);
			path = Extension;
			sourceTree = "<group>";
		};
		EEB07AD42A347C4F003C6AAA /* Constant */ = {
			isa = PBXGroup;
			children = (
				EEB07AD52A347C86003C6AAA /* Constant.swift */,
			);
			path = Constant;
			sourceTree = "<group>";
		};
		EEB07AD72A3485C7003C6AAA /* Splash */ = {
			isa = PBXGroup;
			children = (
				EECAE9822A34DEF600FC0AEB /* Model */,
				EEB07AD82A34862B003C6AAA /* View */,
			);
			path = Splash;
			sourceTree = "<group>";
		};
		EEB07AD82A34862B003C6AAA /* View */ = {
			isa = PBXGroup;
			children = (
				EEB07AD92A348637003C6AAA /* SplashViewController.swift */,
			);
			path = View;
			sourceTree = "<group>";
		};
		EECAE9792A34DB9600FC0AEB /* BasePhotoSelect */ = {
			isa = PBXGroup;
			children = (
				EECAE97A2A34DB9600FC0AEB /* View */,
			);
			path = BasePhotoSelect;
			sourceTree = "<group>";
		};
		EECAE97A2A34DB9600FC0AEB /* View */ = {
			isa = PBXGroup;
			children = (
				EECAE97B2A34DB9600FC0AEB /* Cell */,
				EECAE97D2A34DB9600FC0AEB /* BasePhotoSelectViewController.swift */,
			);
			path = View;
			sourceTree = "<group>";
		};
		EECAE97B2A34DB9600FC0AEB /* Cell */ = {
			isa = PBXGroup;
			children = (
				EECAE97C2A34DB9600FC0AEB /* BasePhotoCategoryCell.swift */,
			);
			path = Cell;
			sourceTree = "<group>";
		};
		EECAE9822A34DEF600FC0AEB /* Model */ = {
			isa = PBXGroup;
			children = (
				EECAE9832A34DF1100FC0AEB /* TokenResponse.swift */,
			);
			path = Model;
			sourceTree = "<group>";
		};
/* End PBXGroup section */

/* Begin PBXNativeTarget section */
		EEB07A9E2A34394D003C6AAA /* Fairy-iOS */ = {
			isa = PBXNativeTarget;
			buildConfigurationList = EEB07AB32A343950003C6AAA /* Build configuration list for PBXNativeTarget "Fairy-iOS" */;
			buildPhases = (
				EEB07A9B2A34394D003C6AAA /* Sources */,
				EEB07A9C2A34394D003C6AAA /* Frameworks */,
				EEB07A9D2A34394D003C6AAA /* Resources */,
			);
			buildRules = (
			);
			dependencies = (
			);
			name = "Fairy-iOS";
			packageProductDependencies = (
				EEB07AB72A343AFE003C6AAA /* SnapKit */,
				EEB07AD12A347588003C6AAA /* Kingfisher */,
				57134F802A34CEC200ED4C2D /* Lottie */,
				EECAE9862A34E73800FC0AEB /* SwiftKeychainWrapper */,
			);
			productName = "Fairy-iOS";
			productReference = EEB07A9F2A34394D003C6AAA /* Fairy-iOS.app */;
			productType = "com.apple.product-type.application";
		};
/* End PBXNativeTarget section */

/* Begin PBXProject section */
		EEB07A972A34394D003C6AAA /* Project object */ = {
			isa = PBXProject;
			attributes = {
				BuildIndependentTargetsInParallel = 1;
				LastSwiftUpdateCheck = 1430;
				LastUpgradeCheck = 1430;
				TargetAttributes = {
					EEB07A9E2A34394D003C6AAA = {
						CreatedOnToolsVersion = 14.3.1;
					};
				};
			};
			buildConfigurationList = EEB07A9A2A34394D003C6AAA /* Build configuration list for PBXProject "Fairy-iOS" */;
			compatibilityVersion = "Xcode 14.0";
			developmentRegion = en;
			hasScannedForEncodings = 0;
			knownRegions = (
				en,
				Base,
			);
			mainGroup = EEB07A962A34394D003C6AAA;
			packageReferences = (
				EEB07AB62A343AFE003C6AAA /* XCRemoteSwiftPackageReference "SnapKit" */,
				EEB07AD02A347588003C6AAA /* XCRemoteSwiftPackageReference "Kingfisher" */,
				57134F7F2A34CEC200ED4C2D /* XCRemoteSwiftPackageReference "lottie-spm" */,
				EECAE9852A34E73800FC0AEB /* XCRemoteSwiftPackageReference "SwiftKeychainWrapper" */,
			);
			productRefGroup = EEB07AA02A34394D003C6AAA /* Products */;
			projectDirPath = "";
			projectRoot = "";
			targets = (
				EEB07A9E2A34394D003C6AAA /* Fairy-iOS */,
			);
		};
/* End PBXProject section */

/* Begin PBXResourcesBuildPhase section */
		EEB07A9D2A34394D003C6AAA /* Resources */ = {
			isa = PBXResourcesBuildPhase;
			buildActionMask = 2147483647;
			files = (
				57134F872A34D24A00ED4C2D /* book.json in Resources */,
				EEB07AAF2A343950003C6AAA /* LaunchScreen.storyboard in Resources */,
				EEB07AAC2A343950003C6AAA /* Assets.xcassets in Resources */,
			);
			runOnlyForDeploymentPostprocessing = 0;
		};
/* End PBXResourcesBuildPhase section */

/* Begin PBXSourcesBuildPhase section */
		EEB07A9B2A34394D003C6AAA /* Sources */ = {
			isa = PBXSourcesBuildPhase;
			buildActionMask = 2147483647;
			files = (
				EEB07ADE2A34B275003C6AAA /* CreateFairyTaleViewController.swift in Sources */,
				074814F82A34FE5300DF6A85 /* ReadingStoryViewController.swift in Sources */,
				EECAE97E2A34DB9600FC0AEB /* BasePhotoCategoryCell.swift in Sources */,
				EEB07AC72A345234003C6AAA /* FairytaleListViewController.swift in Sources */,
				07A3470A2A345F7800DF7BA6 /* Color+.swift in Sources */,
				EEB07AD62A347C86003C6AAA /* Constant.swift in Sources */,
				EECAE9812A34DCFF00FC0AEB /* Utils.swift in Sources */,
				EEB07AC42A344528003C6AAA /* NetworkError.swift in Sources */,
				07A3470C2A3460C500DF7BA6 /* Font+.swift in Sources */,
				074814EF2A349ED500DF6A85 /* PhotoSelectViewController.swift in Sources */,
				074814EB2A349E4800DF6A85 /* PhotoSelectView.swift in Sources */,
				57134F842A34D15000ED4C2D /* IndicatorViewController.swift in Sources */,
				074814F12A34ABA200DF6A85 /* ImagePicker.swift in Sources */,
				EEB07AA32A34394D003C6AAA /* AppDelegate.swift in Sources */,
				EECAE9842A34DF1100FC0AEB /* TokenResponse.swift in Sources */,
				EEB07ABC2A3440D2003C6AAA /* NetworkService.swift in Sources */,
				EEB07AC02A34432D003C6AAA /* Resource.swift in Sources */,
				EEB07ACE2A345F2C003C6AAA /* FairyListResponse.swift in Sources */,
				07A3471D2A3473E700DF7BA6 /* EditStoryView.swift in Sources */,
				EEB07AC22A344379003C6AAA /* HttpMethod.swift in Sources */,
				EEB07AA52A34394D003C6AAA /* SceneDelegate.swift in Sources */,
				57134F8A2A34FB1700ED4C2D /* QnAList.swift in Sources */,
				074814ED2A349EA900DF6A85 /* EditStoryViewController.swift in Sources */,
				07A3471F2A34742700DF7BA6 /* View+.swift in Sources */,
				074814FA2A35090F00DF6A85 /* FairyMakingSource.swift in Sources */,
				EEB07ACB2A345627003C6AAA /* FairyListCollectionViewCell.swift in Sources */,
				074814F62A34F79500DF6A85 /* ReadingStoryView.swift in Sources */,
				57134F7C2A347DFD00ED4C2D /* RegenerateAlertViewController.swift in Sources */,
				EECAE97F2A34DB9600FC0AEB /* BasePhotoSelectViewController.swift in Sources */,
				EEB07ADA2A348637003C6AAA /* SplashViewController.swift in Sources */,
				57134F7E2A3497A500ED4C2D /* UIColor+.swift in Sources */,
			);
			runOnlyForDeploymentPostprocessing = 0;
		};
/* End PBXSourcesBuildPhase section */

/* Begin PBXVariantGroup section */
		EEB07AAD2A343950003C6AAA /* LaunchScreen.storyboard */ = {
			isa = PBXVariantGroup;
			children = (
				EEB07AAE2A343950003C6AAA /* Base */,
			);
			name = LaunchScreen.storyboard;
			sourceTree = "<group>";
		};
/* End PBXVariantGroup section */

/* Begin XCBuildConfiguration section */
		EEB07AB12A343950003C6AAA /* Debug */ = {
			isa = XCBuildConfiguration;
			buildSettings = {
				ALWAYS_SEARCH_USER_PATHS = NO;
				CLANG_ANALYZER_NONNULL = YES;
				CLANG_ANALYZER_NUMBER_OBJECT_CONVERSION = YES_AGGRESSIVE;
				CLANG_CXX_LANGUAGE_STANDARD = "gnu++20";
				CLANG_ENABLE_MODULES = YES;
				CLANG_ENABLE_OBJC_ARC = YES;
				CLANG_ENABLE_OBJC_WEAK = YES;
				CLANG_WARN_BLOCK_CAPTURE_AUTORELEASING = YES;
				CLANG_WARN_BOOL_CONVERSION = YES;
				CLANG_WARN_COMMA = YES;
				CLANG_WARN_CONSTANT_CONVERSION = YES;
				CLANG_WARN_DEPRECATED_OBJC_IMPLEMENTATIONS = YES;
				CLANG_WARN_DIRECT_OBJC_ISA_USAGE = YES_ERROR;
				CLANG_WARN_DOCUMENTATION_COMMENTS = YES;
				CLANG_WARN_EMPTY_BODY = YES;
				CLANG_WARN_ENUM_CONVERSION = YES;
				CLANG_WARN_INFINITE_RECURSION = YES;
				CLANG_WARN_INT_CONVERSION = YES;
				CLANG_WARN_NON_LITERAL_NULL_CONVERSION = YES;
				CLANG_WARN_OBJC_IMPLICIT_RETAIN_SELF = YES;
				CLANG_WARN_OBJC_LITERAL_CONVERSION = YES;
				CLANG_WARN_OBJC_ROOT_CLASS = YES_ERROR;
				CLANG_WARN_QUOTED_INCLUDE_IN_FRAMEWORK_HEADER = YES;
				CLANG_WARN_RANGE_LOOP_ANALYSIS = YES;
				CLANG_WARN_STRICT_PROTOTYPES = YES;
				CLANG_WARN_SUSPICIOUS_MOVE = YES;
				CLANG_WARN_UNGUARDED_AVAILABILITY = YES_AGGRESSIVE;
				CLANG_WARN_UNREACHABLE_CODE = YES;
				CLANG_WARN__DUPLICATE_METHOD_MATCH = YES;
				COPY_PHASE_STRIP = NO;
				DEBUG_INFORMATION_FORMAT = dwarf;
				ENABLE_STRICT_OBJC_MSGSEND = YES;
				ENABLE_TESTABILITY = YES;
				GCC_C_LANGUAGE_STANDARD = gnu11;
				GCC_DYNAMIC_NO_PIC = NO;
				GCC_NO_COMMON_BLOCKS = YES;
				GCC_OPTIMIZATION_LEVEL = 0;
				GCC_PREPROCESSOR_DEFINITIONS = (
					"DEBUG=1",
					"$(inherited)",
				);
				GCC_WARN_64_TO_32_BIT_CONVERSION = YES;
				GCC_WARN_ABOUT_RETURN_TYPE = YES_ERROR;
				GCC_WARN_UNDECLARED_SELECTOR = YES;
				GCC_WARN_UNINITIALIZED_AUTOS = YES_AGGRESSIVE;
				GCC_WARN_UNUSED_FUNCTION = YES;
				GCC_WARN_UNUSED_VARIABLE = YES;
				IPHONEOS_DEPLOYMENT_TARGET = 16.4;
				MTL_ENABLE_DEBUG_INFO = INCLUDE_SOURCE;
				MTL_FAST_MATH = YES;
				ONLY_ACTIVE_ARCH = YES;
				SDKROOT = iphoneos;
				SWIFT_ACTIVE_COMPILATION_CONDITIONS = DEBUG;
				SWIFT_OPTIMIZATION_LEVEL = "-Onone";
			};
			name = Debug;
		};
		EEB07AB22A343950003C6AAA /* Release */ = {
			isa = XCBuildConfiguration;
			buildSettings = {
				ALWAYS_SEARCH_USER_PATHS = NO;
				CLANG_ANALYZER_NONNULL = YES;
				CLANG_ANALYZER_NUMBER_OBJECT_CONVERSION = YES_AGGRESSIVE;
				CLANG_CXX_LANGUAGE_STANDARD = "gnu++20";
				CLANG_ENABLE_MODULES = YES;
				CLANG_ENABLE_OBJC_ARC = YES;
				CLANG_ENABLE_OBJC_WEAK = YES;
				CLANG_WARN_BLOCK_CAPTURE_AUTORELEASING = YES;
				CLANG_WARN_BOOL_CONVERSION = YES;
				CLANG_WARN_COMMA = YES;
				CLANG_WARN_CONSTANT_CONVERSION = YES;
				CLANG_WARN_DEPRECATED_OBJC_IMPLEMENTATIONS = YES;
				CLANG_WARN_DIRECT_OBJC_ISA_USAGE = YES_ERROR;
				CLANG_WARN_DOCUMENTATION_COMMENTS = YES;
				CLANG_WARN_EMPTY_BODY = YES;
				CLANG_WARN_ENUM_CONVERSION = YES;
				CLANG_WARN_INFINITE_RECURSION = YES;
				CLANG_WARN_INT_CONVERSION = YES;
				CLANG_WARN_NON_LITERAL_NULL_CONVERSION = YES;
				CLANG_WARN_OBJC_IMPLICIT_RETAIN_SELF = YES;
				CLANG_WARN_OBJC_LITERAL_CONVERSION = YES;
				CLANG_WARN_OBJC_ROOT_CLASS = YES_ERROR;
				CLANG_WARN_QUOTED_INCLUDE_IN_FRAMEWORK_HEADER = YES;
				CLANG_WARN_RANGE_LOOP_ANALYSIS = YES;
				CLANG_WARN_STRICT_PROTOTYPES = YES;
				CLANG_WARN_SUSPICIOUS_MOVE = YES;
				CLANG_WARN_UNGUARDED_AVAILABILITY = YES_AGGRESSIVE;
				CLANG_WARN_UNREACHABLE_CODE = YES;
				CLANG_WARN__DUPLICATE_METHOD_MATCH = YES;
				COPY_PHASE_STRIP = NO;
				DEBUG_INFORMATION_FORMAT = "dwarf-with-dsym";
				ENABLE_NS_ASSERTIONS = NO;
				ENABLE_STRICT_OBJC_MSGSEND = YES;
				GCC_C_LANGUAGE_STANDARD = gnu11;
				GCC_NO_COMMON_BLOCKS = YES;
				GCC_WARN_64_TO_32_BIT_CONVERSION = YES;
				GCC_WARN_ABOUT_RETURN_TYPE = YES_ERROR;
				GCC_WARN_UNDECLARED_SELECTOR = YES;
				GCC_WARN_UNINITIALIZED_AUTOS = YES_AGGRESSIVE;
				GCC_WARN_UNUSED_FUNCTION = YES;
				GCC_WARN_UNUSED_VARIABLE = YES;
				IPHONEOS_DEPLOYMENT_TARGET = 16.4;
				MTL_ENABLE_DEBUG_INFO = NO;
				MTL_FAST_MATH = YES;
				SDKROOT = iphoneos;
				SWIFT_COMPILATION_MODE = wholemodule;
				SWIFT_OPTIMIZATION_LEVEL = "-O";
				VALIDATE_PRODUCT = YES;
			};
			name = Release;
		};
		EEB07AB42A343950003C6AAA /* Debug */ = {
			isa = XCBuildConfiguration;
			buildSettings = {
				ASSETCATALOG_COMPILER_APPICON_NAME = AppIcon;
				ASSETCATALOG_COMPILER_GLOBAL_ACCENT_COLOR_NAME = AccentColor;
				CODE_SIGN_STYLE = Automatic;
				CURRENT_PROJECT_VERSION = 1;
				DEVELOPMENT_TEAM = H2N9KXXP3M;
				GENERATE_INFOPLIST_FILE = YES;
				INFOPLIST_FILE = "Fairy-iOS/App/Info.plist";
				INFOPLIST_KEY_UIApplicationSupportsIndirectInputEvents = YES;
				INFOPLIST_KEY_UILaunchStoryboardName = LaunchScreen;
				INFOPLIST_KEY_UISupportedInterfaceOrientations_iPad = "UIInterfaceOrientationPortrait UIInterfaceOrientationPortraitUpsideDown UIInterfaceOrientationLandscapeLeft UIInterfaceOrientationLandscapeRight";
				INFOPLIST_KEY_UISupportedInterfaceOrientations_iPhone = "UIInterfaceOrientationPortrait UIInterfaceOrientationLandscapeLeft UIInterfaceOrientationLandscapeRight";
				IPHONEOS_DEPLOYMENT_TARGET = 16.0;
				LD_RUNPATH_SEARCH_PATHS = (
					"$(inherited)",
					"@executable_path/Frameworks",
				);
				MARKETING_VERSION = 1.0;
				PRODUCT_BUNDLE_IDENTIFIER = "com.mandos.Fairy-iOS";
				PRODUCT_NAME = "$(TARGET_NAME)";
				SWIFT_EMIT_LOC_STRINGS = YES;
				SWIFT_VERSION = 5.0;
				TARGETED_DEVICE_FAMILY = "1,2";
			};
			name = Debug;
		};
		EEB07AB52A343950003C6AAA /* Release */ = {
			isa = XCBuildConfiguration;
			buildSettings = {
				ASSETCATALOG_COMPILER_APPICON_NAME = AppIcon;
				ASSETCATALOG_COMPILER_GLOBAL_ACCENT_COLOR_NAME = AccentColor;
				CODE_SIGN_STYLE = Automatic;
				CURRENT_PROJECT_VERSION = 1;
				DEVELOPMENT_TEAM = H2N9KXXP3M;
				GENERATE_INFOPLIST_FILE = YES;
				INFOPLIST_FILE = "Fairy-iOS/App/Info.plist";
				INFOPLIST_KEY_UIApplicationSupportsIndirectInputEvents = YES;
				INFOPLIST_KEY_UILaunchStoryboardName = LaunchScreen;
				INFOPLIST_KEY_UISupportedInterfaceOrientations_iPad = "UIInterfaceOrientationPortrait UIInterfaceOrientationPortraitUpsideDown UIInterfaceOrientationLandscapeLeft UIInterfaceOrientationLandscapeRight";
				INFOPLIST_KEY_UISupportedInterfaceOrientations_iPhone = "UIInterfaceOrientationPortrait UIInterfaceOrientationLandscapeLeft UIInterfaceOrientationLandscapeRight";
				IPHONEOS_DEPLOYMENT_TARGET = 16.0;
				LD_RUNPATH_SEARCH_PATHS = (
					"$(inherited)",
					"@executable_path/Frameworks",
				);
				MARKETING_VERSION = 1.0;
				PRODUCT_BUNDLE_IDENTIFIER = "com.mandos.Fairy-iOS";
				PRODUCT_NAME = "$(TARGET_NAME)";
				SWIFT_EMIT_LOC_STRINGS = YES;
				SWIFT_VERSION = 5.0;
				TARGETED_DEVICE_FAMILY = "1,2";
			};
			name = Release;
		};
/* End XCBuildConfiguration section */

/* Begin XCConfigurationList section */
		EEB07A9A2A34394D003C6AAA /* Build configuration list for PBXProject "Fairy-iOS" */ = {
			isa = XCConfigurationList;
			buildConfigurations = (
				EEB07AB12A343950003C6AAA /* Debug */,
				EEB07AB22A343950003C6AAA /* Release */,
			);
			defaultConfigurationIsVisible = 0;
			defaultConfigurationName = Release;
		};
		EEB07AB32A343950003C6AAA /* Build configuration list for PBXNativeTarget "Fairy-iOS" */ = {
			isa = XCConfigurationList;
			buildConfigurations = (
				EEB07AB42A343950003C6AAA /* Debug */,
				EEB07AB52A343950003C6AAA /* Release */,
			);
			defaultConfigurationIsVisible = 0;
			defaultConfigurationName = Release;
		};
/* End XCConfigurationList section */

/* Begin XCRemoteSwiftPackageReference section */
		57134F7F2A34CEC200ED4C2D /* XCRemoteSwiftPackageReference "lottie-spm" */ = {
			isa = XCRemoteSwiftPackageReference;
			repositoryURL = "https://github.com/airbnb/lottie-spm.git";
			requirement = {
				kind = upToNextMajorVersion;
				minimumVersion = 4.0.0;
			};
		};
		EEB07AB62A343AFE003C6AAA /* XCRemoteSwiftPackageReference "SnapKit" */ = {
			isa = XCRemoteSwiftPackageReference;
			repositoryURL = "https://github.com/SnapKit/SnapKit";
			requirement = {
				kind = upToNextMajorVersion;
				minimumVersion = 5.0.0;
			};
		};
		EEB07AD02A347588003C6AAA /* XCRemoteSwiftPackageReference "Kingfisher" */ = {
			isa = XCRemoteSwiftPackageReference;
			repositoryURL = "https://github.com/onevcat/Kingfisher";
			requirement = {
				kind = upToNextMajorVersion;
				minimumVersion = 7.0.0;
			};
		};
		EECAE9852A34E73800FC0AEB /* XCRemoteSwiftPackageReference "SwiftKeychainWrapper" */ = {
			isa = XCRemoteSwiftPackageReference;
			repositoryURL = "https://github.com/jrendel/SwiftKeychainWrapper";
			requirement = {
				kind = upToNextMajorVersion;
				minimumVersion = 4.0.0;
			};
		};
/* End XCRemoteSwiftPackageReference section */

/* Begin XCSwiftPackageProductDependency section */
		57134F802A34CEC200ED4C2D /* Lottie */ = {
			isa = XCSwiftPackageProductDependency;
			package = 57134F7F2A34CEC200ED4C2D /* XCRemoteSwiftPackageReference "lottie-spm" */;
			productName = Lottie;
		};
		EEB07AB72A343AFE003C6AAA /* SnapKit */ = {
			isa = XCSwiftPackageProductDependency;
			package = EEB07AB62A343AFE003C6AAA /* XCRemoteSwiftPackageReference "SnapKit" */;
			productName = SnapKit;
		};
		EEB07AD12A347588003C6AAA /* Kingfisher */ = {
			isa = XCSwiftPackageProductDependency;
			package = EEB07AD02A347588003C6AAA /* XCRemoteSwiftPackageReference "Kingfisher" */;
			productName = Kingfisher;
		};
		EECAE9862A34E73800FC0AEB /* SwiftKeychainWrapper */ = {
			isa = XCSwiftPackageProductDependency;
			package = EECAE9852A34E73800FC0AEB /* XCRemoteSwiftPackageReference "SwiftKeychainWrapper" */;
			productName = SwiftKeychainWrapper;
		};
/* End XCSwiftPackageProductDependency section */
	};
	rootObject = EEB07A972A34394D003C6AAA /* Project object */;
}
